// !$*UTF8*$!
{
	archiveVersion = 1;
	classes = {
	};
	objectVersion = 46;
	objects = {

/* Begin PBXBuildFile section */
		520C7E451EA93B2600E8AD76 /* AppDelegate.swift in Sources */ = {isa = PBXBuildFile; fileRef = 520C7E441EA93B2600E8AD76 /* AppDelegate.swift */; };
		520C7E471EA93B2600E8AD76 /* ViewController.swift in Sources */ = {isa = PBXBuildFile; fileRef = 520C7E461EA93B2600E8AD76 /* ViewController.swift */; };
		520C7E4A1EA93B2600E8AD76 /* Main.storyboard in Resources */ = {isa = PBXBuildFile; fileRef = 520C7E481EA93B2600E8AD76 /* Main.storyboard */; };
		520C7E4C1EA93B2600E8AD76 /* Assets.xcassets in Resources */ = {isa = PBXBuildFile; fileRef = 520C7E4B1EA93B2600E8AD76 /* Assets.xcassets */; };
		520C7E4F1EA93B2600E8AD76 /* LaunchScreen.storyboard in Resources */ = {isa = PBXBuildFile; fileRef = 520C7E4D1EA93B2600E8AD76 /* LaunchScreen.storyboard */; };
		520C7EED1EAAB90100E8AD76 /* cactus.jpeg in Resources */ = {isa = PBXBuildFile; fileRef = 520C7EEC1EAAB90100E8AD76 /* cactus.jpeg */; };
/* End PBXBuildFile section */

/* Begin PBXFileReference section */
		520C7E411EA93B2600E8AD76 /* WaterMe.app */ = {isa = PBXFileReference; explicitFileType = wrapper.application; includeInIndex = 0; path = WaterMe.app; sourceTree = BUILT_PRODUCTS_DIR; };
		520C7E441EA93B2600E8AD76 /* AppDelegate.swift */ = {isa = PBXFileReference; lastKnownFileType = sourcecode.swift; path = AppDelegate.swift; sourceTree = "<group>"; };
		520C7E461EA93B2600E8AD76 /* ViewController.swift */ = {isa = PBXFileReference; lastKnownFileType = sourcecode.swift; path = ViewController.swift; sourceTree = "<group>"; };
		520C7E491EA93B2600E8AD76 /* Base */ = {isa = PBXFileReference; lastKnownFileType = file.storyboard; name = Base; path = Base.lproj/Main.storyboard; sourceTree = "<group>"; };
		520C7E4B1EA93B2600E8AD76 /* Assets.xcassets */ = {isa = PBXFileReference; lastKnownFileType = folder.assetcatalog; path = Assets.xcassets; sourceTree = "<group>"; };
		520C7E4E1EA93B2600E8AD76 /* Base */ = {isa = PBXFileReference; lastKnownFileType = file.storyboard; name = Base; path = Base.lproj/LaunchScreen.storyboard; sourceTree = "<group>"; };
		520C7E501EA93B2600E8AD76 /* Info.plist */ = {isa = PBXFileReference; lastKnownFileType = text.plist.xml; path = Info.plist; sourceTree = "<group>"; };
		520C7EEC1EAAB90100E8AD76 /* cactus.jpeg */ = {isa = PBXFileReference; lastKnownFileType = image.jpeg; path = cactus.jpeg; sourceTree = "<group>"; };
/* End PBXFileReference section */

/* Begin PBXFrameworksBuildPhase section */
		520C7E3E1EA93B2600E8AD76 /* Frameworks */ = {
			isa = PBXFrameworksBuildPhase;
			buildActionMask = 2147483647;
			files = (
			);
			runOnlyForDeploymentPostprocessing = 0;
		};
/* End PBXFrameworksBuildPhase section */

/* Begin PBXGroup section */
		520C7E381EA93B2600E8AD76 = {
			isa = PBXGroup;
			children = (
				520C7E431EA93B2600E8AD76 /* WaterMe */,
				520C7E421EA93B2600E8AD76 /* Products */,
			);
			sourceTree = "<group>";
		};
		520C7E421EA93B2600E8AD76 /* Products */ = {
			isa = PBXGroup;
			children = (
				520C7E411EA93B2600E8AD76 /* WaterMe.app */,
			);
			name = Products;
			sourceTree = "<group>";
		};
		520C7E431EA93B2600E8AD76 /* WaterMe */ = {
			isa = PBXGroup;
			children = (
				520C7E441EA93B2600E8AD76 /* AppDelegate.swift */,
				520C7E461EA93B2600E8AD76 /* ViewController.swift */,
				520C7E481EA93B2600E8AD76 /* Main.storyboard */,
				520C7EEC1EAAB90100E8AD76 /* cactus.jpeg */,
				520C7E4B1EA93B2600E8AD76 /* Assets.xcassets */,
				520C7E4D1EA93B2600E8AD76 /* LaunchScreen.storyboard */,
				520C7E501EA93B2600E8AD76 /* Info.plist */,
			);
			path = WaterMe;
			sourceTree = "<group>";
		};
/* End PBXGroup section */

/* Begin PBXNativeTarget section */
		520C7E401EA93B2600E8AD76 /* WaterMe */ = {
			isa = PBXNativeTarget;
			buildConfigurationList = 520C7E531EA93B2600E8AD76 /* Build configuration list for PBXNativeTarget "WaterMe" */;
			buildPhases = (
				520C7E3D1EA93B2600E8AD76 /* Sources */,
				520C7E3E1EA93B2600E8AD76 /* Frameworks */,
				520C7E3F1EA93B2600E8AD76 /* Resources */,
			);
			buildRules = (
			);
			dependencies = (
			);
			name = WaterMe;
			productName = WaterMe;
			productReference = 520C7E411EA93B2600E8AD76 /* WaterMe.app */;
			productType = "com.apple.product-type.application";
		};
/* End PBXNativeTarget section */

/* Begin PBXProject section */
		520C7E391EA93B2600E8AD76 /* Project object */ = {
			isa = PBXProject;
			attributes = {
				LastSwiftUpdateCheck = 0830;
				LastUpgradeCheck = 0830;
				ORGANIZATIONNAME = "Paula Lee";
				TargetAttributes = {
					520C7E401EA93B2600E8AD76 = {
						CreatedOnToolsVersion = 8.3;
						ProvisioningStyle = Automatic;
					};
				};
			};
			buildConfigurationList = 520C7E3C1EA93B2600E8AD76 /* Build configuration list for PBXProject "WaterMe" */;
			compatibilityVersion = "Xcode 3.2";
			developmentRegion = English;
			hasScannedForEncodings = 0;
			knownRegions = (
				en,
				Base,
			);
			mainGroup = 520C7E381EA93B2600E8AD76;
			productRefGroup = 520C7E421EA93B2600E8AD76 /* Products */;
			projectDirPath = "";
			projectRoot = "";
			targets = (
				520C7E401EA93B2600E8AD76 /* WaterMe */,
			);
		};
/* End PBXProject section */

/* Begin PBXResourcesBuildPhase section */
		520C7E3F1EA93B2600E8AD76 /* Resources */ = {
			isa = PBXResourcesBuildPhase;
			buildActionMask = 2147483647;
			files = (
				520C7E4F1EA93B2600E8AD76 /* LaunchScreen.storyboard in Resources */,
				520C7E4C1EA93B2600E8AD76 /* Assets.xcassets in Resources */,
				520C7EED1EAAB90100E8AD76 /* cactus.jpeg in Resources */,
				520C7E4A1EA93B2600E8AD76 /* Main.storyboard in Resources */,
			);
			runOnlyForDeploymentPostprocessing = 0;
		};
/* End PBXResourcesBuildPhase section */

/* Begin PBXSourcesBuildPhase section */
		520C7E3D1EA93B2600E8AD76 /* Sources */ = {
			isa = PBXSourcesBuildPhase;
			buildActionMask = 2147483647;
			files = (
				520C7E471EA93B2600E8AD76 /* ViewController.swift in Sources */,
				520C7E451EA93B2600E8AD76 /* AppDelegate.swift in Sources */,
			);
			runOnlyForDeploymentPostprocessing = 0;
		};
/* End PBXSourcesBuildPhase section */

/* Begin PBXVariantGroup section */
		520C7E481EA93B2600E8AD76 /* Main.storyboard */ = {
			isa = PBXVariantGroup;
			children = (
				520C7E491EA93B2600E8AD76 /* Base */,
			);
			name = Main.storyboard;
			sourceTree = "<group>";
		};
		520C7E4D1EA93B2600E8AD76 /* LaunchScreen.storyboard */ = {
			isa = PBXVariantGroup;
			children = (
				520C7E4E1EA93B2600E8AD76 /* Base */,
			);
			name = LaunchScreen.storyboard;
			sourceTree = "<group>";
		};
/* End PBXVariantGroup section */

/* Begin XCBuildConfiguration section */
		520C7E511EA93B2600E8AD76 /* Debug */ = {
			isa = XCBuildConfiguration;
			buildSettings = {
				ALWAYS_SEARCH_USER_PATHS = NO;
				CLANG_ANALYZER_NONNULL = YES;
				CLANG_ANALYZER_NUMBER_OBJECT_CONVERSION = YES_AGGRESSIVE;
				CLANG_CXX_LANGUAGE_STANDARD = "gnu++0x";
				CLANG_CXX_LIBRARY = "libc++";
				CLANG_ENABLE_MODULES = YES;
				CLANG_ENABLE_OBJC_ARC = YES;
				CLANG_WARN_BOOL_CONVERSION = YES;
				CLANG_WARN_CONSTANT_CONVERSION = YES;
				CLANG_WARN_DIRECT_OBJC_ISA_USAGE = YES_ERROR;
				CLANG_WARN_DOCUMENTATION_COMMENTS = YES;
				CLANG_WARN_EMPTY_BODY = YES;
				CLANG_WARN_ENUM_CONVERSION = YES;
				CLANG_WARN_INFINITE_RECURSION = YES;
				CLANG_WARN_INT_CONVERSION = YES;
				CLANG_WARN_OBJC_ROOT_CLASS = YES_ERROR;
				CLANG_WARN_SUSPICIOUS_MOVE = YES;
				CLANG_WARN_UNREACHABLE_CODE = YES;
				CLANG_WARN__DUPLICATE_METHOD_MATCH = YES;
				"CODE_SIGN_IDENTITY[sdk=iphoneos*]" = "iPhone Developer";
				COPY_PHASE_STRIP = NO;
				DEBUG_INFORMATION_FORMAT = dwarf;
				ENABLE_STRICT_OBJC_MSGSEND = YES;
				ENABLE_TESTABILITY = YES;
				GCC_C_LANGUAGE_STANDARD = gnu99;
				GCC_DYNAMIC_NO_PIC = NO;
				GCC_NO_COMMON_BLOCKS = YES;
				GCC_OPTIMIZATION_LEVEL = 0;
				GCC_PREPROCESSOR_DEFINITIONS = (
					"DEBUG=1",
					"$(inherited)",
				);
				GCC_WARN_64_TO_32_BIT_CONVERSION = YES;
				GCC_WARN_ABOUT_RETURN_TYPE = YES_ERROR;
				GCC_WARN_UNDECLARED_SELECTOR = YES;
				GCC_WARN_UNINITIALIZED_AUTOS = YES_AGGRESSIVE;
				GCC_WARN_UNUSED_FUNCTION = YES;
				GCC_WARN_UNUSED_VARIABLE = YES;
				IPHONEOS_DEPLOYMENT_TARGET = 10.3;
				MTL_ENABLE_DEBUG_INFO = YES;
				ONLY_ACTIVE_ARCH = YES;
				SDKROOT = iphoneos;
				SWIFT_ACTIVE_COMPILATION_CONDITIONS = DEBUG;
				SWIFT_OPTIMIZATION_LEVEL = "-Onone";
				TARGETED_DEVICE_FAMILY = "1,2";
			};
			name = Debug;
		};
		520C7E521EA93B2600E8AD76 /* Release */ = {
			isa = XCBuildConfiguration;
			buildSettings = {
				ALWAYS_SEARCH_USER_PATHS = NO;
				CLANG_ANALYZER_NONNULL = YES;
				CLANG_ANALYZER_NUMBER_OBJECT_CONVERSION = YES_AGGRESSIVE;
				CLANG_CXX_LANGUAGE_STANDARD = "gnu++0x";
				CLANG_CXX_LIBRARY = "libc++";
				CLANG_ENABLE_MODULES = YES;
				CLANG_ENABLE_OBJC_ARC = YES;
				CLANG_WARN_BOOL_CONVERSION = YES;
				CLANG_WARN_CONSTANT_CONVERSION = YES;
				CLANG_WARN_DIRECT_OBJC_ISA_USAGE = YES_ERROR;
				CLANG_WARN_DOCUMENTATION_COMMENTS = YES;
				CLANG_WARN_EMPTY_BODY = YES;
				CLANG_WARN_ENUM_CONVERSION = YES;
				CLANG_WARN_INFINITE_RECURSION = YES;
				CLANG_WARN_INT_CONVERSION = YES;
				CLANG_WARN_OBJC_ROOT_CLASS = YES_ERROR;
				CLANG_WARN_SUSPICIOUS_MOVE = YES;
				CLANG_WARN_UNREACHABLE_CODE = YES;
				CLANG_WARN__DUPLICATE_METHOD_MATCH = YES;
				"CODE_SIGN_IDENTITY[sdk=iphoneos*]" = "iPhone Developer";
				COPY_PHASE_STRIP = NO;
				DEBUG_INFORMATION_FORMAT = "dwarf-with-dsym";
				ENABLE_NS_ASSERTIONS = NO;
				ENABLE_STRICT_OBJC_MSGSEND = YES;
				GCC_C_LANGUAGE_STANDARD = gnu99;
				GCC_NO_COMMON_BLOCKS = YES;
				GCC_WARN_64_TO_32_BIT_CONVERSION = YES;
				GCC_WARN_ABOUT_RETURN_TYPE = YES_ERROR;
				GCC_WARN_UNDECLARED_SELECTOR = YES;
				GCC_WARN_UNINITIALIZED_AUTOS = YES_AGGRESSIVE;
				GCC_WARN_UNUSED_FUNCTION = YES;
				GCC_WARN_UNUSED_VARIABLE = YES;
				IPHONEOS_DEPLOYMENT_TARGET = 10.3;
				MTL_ENABLE_DEBUG_INFO = NO;
				SDKROOT = iphoneos;
				SWIFT_OPTIMIZATION_LEVEL = "-Owholemodule";
				TARGETED_DEVICE_FAMILY = "1,2";
				VALIDATE_PRODUCT = YES;
			};
			name = Release;
		};
		520C7E541EA93B2600E8AD76 /* Debug */ = {
			isa = XCBuildConfiguration;
			buildSettings = {
				ASSETCATALOG_COMPILER_APPICON_NAME = AppIcon;
				INFOPLIST_FILE = WaterMe/Info.plist;
				LD_RUNPATH_SEARCH_PATHS = "$(inherited) @executable_path/Frameworks";
				PRODUCT_BUNDLE_IDENTIFIER = "com.paula-lee.WaterMe";
				PRODUCT_NAME = "$(TARGET_NAME)";
				SWIFT_VERSION = 3.0;
			};
			name = Debug;
		};
		520C7E551EA93B2600E8AD76 /* Release */ = {
			isa = XCBuildConfiguration;
			buildSettings = {
				ASSETCATALOG_COMPILER_APPICON_NAME = AppIcon;
				INFOPLIST_FILE = WaterMe/Info.plist;
				LD_RUNPATH_SEARCH_PATHS = "$(inherited) @executable_path/Frameworks";
				PRODUCT_BUNDLE_IDENTIFIER = "com.paula-lee.WaterMe";
				PRODUCT_NAME = "$(TARGET_NAME)";
				SWIFT_VERSION = 3.0;
			};
			name = Release;
		};
/* End XCBuildConfiguration section */

/* Begin XCConfigurationList section */
		520C7E3C1EA93B2600E8AD76 /* Build configuration list for PBXProject "WaterMe" */ = {
			isa = XCConfigurationList;
			buildConfigurations = (
				520C7E511EA93B2600E8AD76 /* Debug */,
				520C7E521EA93B2600E8AD76 /* Release */,
			);
			defaultConfigurationIsVisible = 0;
			defaultConfigurationName = Release;
		};
		520C7E531EA93B2600E8AD76 /* Build configuration list for PBXNativeTarget "WaterMe" */ = {
			isa = XCConfigurationList;
			buildConfigurations = (
				520C7E541EA93B2600E8AD76 /* Debug */,
				520C7E551EA93B2600E8AD76 /* Release */,
			);
			defaultConfigurationIsVisible = 0;
			defaultConfigurationName = Release;
		};
/* End XCConfigurationList section */
	};
	rootObject = 520C7E391EA93B2600E8AD76 /* Project object */;
}
